// !$*UTF8*$!
{
	archiveVersion = 1;
	classes = {
	};
	objectVersion = 46;
	objects = {

/* Begin PBXBuildFile section */
		18DABF4F1C1B061D0035F883 /* main.m in Sources */ = {isa = PBXBuildFile; fileRef = 18DABF4E1C1B061D0035F883 /* main.m */; };
		18DABF521C1B061D0035F883 /* AppDelegate.m in Sources */ = {isa = PBXBuildFile; fileRef = 18DABF511C1B061D0035F883 /* AppDelegate.m */; };
		18DABF551C1B061D0035F883 /* ViewController.m in Sources */ = {isa = PBXBuildFile; fileRef = 18DABF541C1B061D0035F883 /* ViewController.m */; };
		18DABF581C1B061D0035F883 /* Main.storyboard in Resources */ = {isa = PBXBuildFile; fileRef = 18DABF561C1B061D0035F883 /* Main.storyboard */; };
		18DABF5A1C1B061D0035F883 /* Images.xcassets in Resources */ = {isa = PBXBuildFile; fileRef = 18DABF591C1B061D0035F883 /* Images.xcassets */; };
		18DABF5D1C1B061D0035F883 /* LaunchScreen.xib in Resources */ = {isa = PBXBuildFile; fileRef = 18DABF5B1C1B061D0035F883 /* LaunchScreen.xib */; };
		18DABF691C1B061D0035F883 /* Assignment_customtableviewTests.m in Sources */ = {isa = PBXBuildFile; fileRef = 18DABF681C1B061D0035F883 /* Assignment_customtableviewTests.m */; };
		18DABF751C1B09370035F883 /* Book.m in Sources */ = {isa = PBXBuildFile; fileRef = 18DABF741C1B09370035F883 /* Book.m */; };
/* End PBXBuildFile section */

/* Begin PBXContainerItemProxy section */
		18DABF631C1B061D0035F883 /* PBXContainerItemProxy */ = {
			isa = PBXContainerItemProxy;
			containerPortal = 18DABF411C1B061D0035F883 /* Project object */;
			proxyType = 1;
			remoteGlobalIDString = 18DABF481C1B061D0035F883;
			remoteInfo = Assignment_customtableview;
		};
/* End PBXContainerItemProxy section */

/* Begin PBXFileReference section */
		18DABF491C1B061D0035F883 /* Assignment_customtableview.app */ = {isa = PBXFileReference; explicitFileType = wrapper.application; includeInIndex = 0; path = Assignment_customtableview.app; sourceTree = BUILT_PRODUCTS_DIR; };
		18DABF4D1C1B061D0035F883 /* Info.plist */ = {isa = PBXFileReference; lastKnownFileType = text.plist.xml; path = Info.plist; sourceTree = "<group>"; };
		18DABF4E1C1B061D0035F883 /* main.m */ = {isa = PBXFileReference; lastKnownFileType = sourcecode.c.objc; path = main.m; sourceTree = "<group>"; };
		18DABF501C1B061D0035F883 /* AppDelegate.h */ = {isa = PBXFileReference; lastKnownFileType = sourcecode.c.h; path = AppDelegate.h; sourceTree = "<group>"; };
		18DABF511C1B061D0035F883 /* AppDelegate.m */ = {isa = PBXFileReference; lastKnownFileType = sourcecode.c.objc; path = AppDelegate.m; sourceTree = "<group>"; };
		18DABF531C1B061D0035F883 /* ViewController.h */ = {isa = PBXFileReference; lastKnownFileType = sourcecode.c.h; path = ViewController.h; sourceTree = "<group>"; };
		18DABF541C1B061D0035F883 /* ViewController.m */ = {isa = PBXFileReference; lastKnownFileType = sourcecode.c.objc; path = ViewController.m; sourceTree = "<group>"; };
		18DABF571C1B061D0035F883 /* Base */ = {isa = PBXFileReference; lastKnownFileType = file.storyboard; name = Base; path = Base.lproj/Main.storyboard; sourceTree = "<group>"; };
		18DABF591C1B061D0035F883 /* Images.xcassets */ = {isa = PBXFileReference; lastKnownFileType = folder.assetcatalog; path = Images.xcassets; sourceTree = "<group>"; };
		18DABF5C1C1B061D0035F883 /* Base */ = {isa = PBXFileReference; lastKnownFileType = file.xib; name = Base; path = Base.lproj/LaunchScreen.xib; sourceTree = "<group>"; };
		18DABF621C1B061D0035F883 /* Assignment_customtableviewTests.xctest */ = {isa = PBXFileReference; explicitFileType = wrapper.cfbundle; includeInIndex = 0; path = Assignment_customtableviewTests.xctest; sourceTree = BUILT_PRODUCTS_DIR; };
		18DABF671C1B061D0035F883 /* Info.plist */ = {isa = PBXFileReference; lastKnownFileType = text.plist.xml; path = Info.plist; sourceTree = "<group>"; };
		18DABF681C1B061D0035F883 /* Assignment_customtableviewTests.m */ = {isa = PBXFileReference; lastKnownFileType = sourcecode.c.objc; path = Assignment_customtableviewTests.m; sourceTree = "<group>"; };
		18DABF731C1B09370035F883 /* Book.h */ = {isa = PBXFileReference; fileEncoding = 4; lastKnownFileType = sourcecode.c.h; path = Book.h; sourceTree = "<group>"; };
		18DABF741C1B09370035F883 /* Book.m */ = {isa = PBXFileReference; fileEncoding = 4; lastKnownFileType = sourcecode.c.objc; path = Book.m; sourceTree = "<group>"; };
/* End PBXFileReference section */

/* Begin PBXFrameworksBuildPhase section */
		18DABF461C1B061D0035F883 /* Frameworks */ = {
			isa = PBXFrameworksBuildPhase;
			buildActionMask = 2147483647;
			files = (
			);
			runOnlyForDeploymentPostprocessing = 0;
		};
		18DABF5F1C1B061D0035F883 /* Frameworks */ = {
			isa = PBXFrameworksBuildPhase;
			buildActionMask = 2147483647;
			files = (
			);
			runOnlyForDeploymentPostprocessing = 0;
		};
/* End PBXFrameworksBuildPhase section */

/* Begin PBXGroup section */
		18DABF401C1B061D0035F883 = {
			isa = PBXGroup;
			children = (
				18DABF4B1C1B061D0035F883 /* Assignment_customtableview */,
				18DABF651C1B061D0035F883 /* Assignment_customtableviewTests */,
				18DABF4A1C1B061D0035F883 /* Products */,
			);
			sourceTree = "<group>";
		};
		18DABF4A1C1B061D0035F883 /* Products */ = {
			isa = PBXGroup;
			children = (
				18DABF491C1B061D0035F883 /* Assignment_customtableview.app */,
				18DABF621C1B061D0035F883 /* Assignment_customtableviewTests.xctest */,
			);
			name = Products;
			sourceTree = "<group>";
		};
		18DABF4B1C1B061D0035F883 /* Assignment_customtableview */ = {
			isa = PBXGroup;
			children = (
				18DABF501C1B061D0035F883 /* AppDelegate.h */,
				18DABF511C1B061D0035F883 /* AppDelegate.m */,
				18DABF531C1B061D0035F883 /* ViewController.h */,
				18DABF541C1B061D0035F883 /* ViewController.m */,
				18DABF561C1B061D0035F883 /* Main.storyboard */,
				18DABF591C1B061D0035F883 /* Images.xcassets */,
				18DABF5B1C1B061D0035F883 /* LaunchScreen.xib */,
				18DABF4C1C1B061D0035F883 /* Supporting Files */,
				18DABF731C1B09370035F883 /* Book.h */,
				18DABF741C1B09370035F883 /* Book.m */,
			);
			path = Assignment_customtableview;
			sourceTree = "<group>";
		};
		18DABF4C1C1B061D0035F883 /* Supporting Files */ = {
			isa = PBXGroup;
			children = (
				18DABF4D1C1B061D0035F883 /* Info.plist */,
				18DABF4E1C1B061D0035F883 /* main.m */,
			);
			name = "Supporting Files";
			sourceTree = "<group>";
		};
		18DABF651C1B061D0035F883 /* Assignment_customtableviewTests */ = {
			isa = PBXGroup;
			children = (
				18DABF681C1B061D0035F883 /* Assignment_customtableviewTests.m */,
				18DABF661C1B061D0035F883 /* Supporting Files */,
			);
			path = Assignment_customtableviewTests;
			sourceTree = "<group>";
		};
		18DABF661C1B061D0035F883 /* Supporting Files */ = {
			isa = PBXGroup;
			children = (
				18DABF671C1B061D0035F883 /* Info.plist */,
			);
			name = "Supporting Files";
			sourceTree = "<group>";
		};
/* End PBXGroup section */

/* Begin PBXNativeTarget section */
		18DABF481C1B061D0035F883 /* Assignment_customtableview */ = {
			isa = PBXNativeTarget;
			buildConfigurationList = 18DABF6C1C1B061D0035F883 /* Build configuration list for PBXNativeTarget "Assignment_customtableview" */;
			buildPhases = (
				18DABF451C1B061D0035F883 /* Sources */,
				18DABF461C1B061D0035F883 /* Frameworks */,
				18DABF471C1B061D0035F883 /* Resources */,
			);
			buildRules = (
			);
			dependencies = (
			);
			name = Assignment_customtableview;
			productName = Assignment_customtableview;
			productReference = 18DABF491C1B061D0035F883 /* Assignment_customtableview.app */;
			productType = "com.apple.product-type.application";
		};
		18DABF611C1B061D0035F883 /* Assignment_customtableviewTests */ = {
			isa = PBXNativeTarget;
			buildConfigurationList = 18DABF6F1C1B061D0035F883 /* Build configuration list for PBXNativeTarget "Assignment_customtableviewTests" */;
			buildPhases = (
				18DABF5E1C1B061D0035F883 /* Sources */,
				18DABF5F1C1B061D0035F883 /* Frameworks */,
				18DABF601C1B061D0035F883 /* Resources */,
			);
			buildRules = (
			);
			dependencies = (
				18DABF641C1B061D0035F883 /* PBXTargetDependency */,
			);
			name = Assignment_customtableviewTests;
			productName = Assignment_customtableviewTests;
			productReference = 18DABF621C1B061D0035F883 /* Assignment_customtableviewTests.xctest */;
			productType = "com.apple.product-type.bundle.unit-test";
		};
/* End PBXNativeTarget section */

/* Begin PBXProject section */
		18DABF411C1B061D0035F883 /* Project object */ = {
			isa = PBXProject;
			attributes = {
				LastUpgradeCheck = 0620;
				ORGANIZATIONNAME = CDAC;
				TargetAttributes = {
					18DABF481C1B061D0035F883 = {
						CreatedOnToolsVersion = 6.2;
					};
					18DABF611C1B061D0035F883 = {
						CreatedOnToolsVersion = 6.2;
						TestTargetID = 18DABF481C1B061D0035F883;
					};
				};
			};
			buildConfigurationList = 18DABF441C1B061D0035F883 /* Build configuration list for PBXProject "Assignment_customtableview" */;
			compatibilityVersion = "Xcode 3.2";
			developmentRegion = English;
			hasScannedForEncodings = 0;
			knownRegions = (
				en,
				Base,
			);
			mainGroup = 18DABF401C1B061D0035F883;
			productRefGroup = 18DABF4A1C1B061D0035F883 /* Products */;
			projectDirPath = "";
			projectRoot = "";
			targets = (
				18DABF481C1B061D0035F883 /* Assignment_customtableview */,
				18DABF611C1B061D0035F883 /* Assignment_customtableviewTests */,
			);
		};
/* End PBXProject section */

/* Begin PBXResourcesBuildPhase section */
		18DABF471C1B061D0035F883 /* Resources */ = {
			isa = PBXResourcesBuildPhase;
			buildActionMask = 2147483647;
			files = (
				18DABF581C1B061D0035F883 /* Main.storyboard in Resources */,
				18DABF5D1C1B061D0035F883 /* LaunchScreen.xib in Resources */,
				18DABF5A1C1B061D0035F883 /* Images.xcassets in Resources */,
			);
			runOnlyForDeploymentPostprocessing = 0;
		};
		18DABF601C1B061D0035F883 /* Resources */ = {
			isa = PBXResourcesBuildPhase;
			buildActionMask = 2147483647;
			files = (
			);
			runOnlyForDeploymentPostprocessing = 0;
		};
/* End PBXResourcesBuildPhase section */

/* Begin PBXSourcesBuildPhase section */
		18DABF451C1B061D0035F883 /* Sources */ = {
			isa = PBXSourcesBuildPhase;
			buildActionMask = 2147483647;
			files = (
				18DABF751C1B09370035F883 /* Book.m in Sources */,
				18DABF551C1B061D0035F883 /* ViewController.m in Sources */,
				18DABF521C1B061D0035F883 /* AppDelegate.m in Sources */,
				18DABF4F1C1B061D0035F883 /* main.m in Sources */,
			);
			runOnlyForDeploymentPostprocessing = 0;
		};
		18DABF5E1C1B061D0035F883 /* Sources */ = {
			isa = PBXSourcesBuildPhase;
			buildActionMask = 2147483647;
			files = (
				18DABF691C1B061D0035F883 /* Assignment_customtableviewTests.m in Sources */,
			);
			runOnlyForDeploymentPostprocessing = 0;
		};
/* End PBXSourcesBuildPhase section */

/* Begin PBXTargetDependency section */
		18DABF641C1B061D0035F883 /* PBXTargetDependency */ = {
			isa = PBXTargetDependency;
			target = 18DABF481C1B061D0035F883 /* Assignment_customtableview */;
			targetProxy = 18DABF631C1B061D0035F883 /* PBXContainerItemProxy */;
		};
/* End PBXTargetDependency section */

/* Begin PBXVariantGroup section */
		18DABF561C1B061D0035F883 /* Main.storyboard */ = {
			isa = PBXVariantGroup;
			children = (
				18DABF571C1B061D0035F883 /* Base */,
			);
			name = Main.storyboard;
			sourceTree = "<group>";
		};
		18DABF5B1C1B061D0035F883 /* LaunchScreen.xib */ = {
			isa = PBXVariantGroup;
			children = (
				18DABF5C1C1B061D0035F883 /* Base */,
			);
			name = LaunchScreen.xib;
			sourceTree = "<group>";
		};
/* End PBXVariantGroup section */

/* Begin XCBuildConfiguration section */
		18DABF6A1C1B061D0035F883 /* Debug */ = {
			isa = XCBuildConfiguration;
			buildSettings = {
				ALWAYS_SEARCH_USER_PATHS = NO;
				CLANG_CXX_LANGUAGE_STANDARD = "gnu++0x";
				CLANG_CXX_LIBRARY = "libc++";
				CLANG_ENABLE_MODULES = YES;
				CLANG_ENABLE_OBJC_ARC = YES;
				CLANG_WARN_BOOL_CONVERSION = YES;
				CLANG_WARN_CONSTANT_CONVERSION = YES;
				CLANG_WARN_DIRECT_OBJC_ISA_USAGE = YES_ERROR;
				CLANG_WARN_EMPTY_BODY = YES;
				CLANG_WARN_ENUM_CONVERSION = YES;
				CLANG_WARN_INT_CONVERSION = YES;
				CLANG_WARN_OBJC_ROOT_CLASS = YES_ERROR;
				CLANG_WARN_UNREACHABLE_CODE = YES;
				CLANG_WARN__DUPLICATE_METHOD_MATCH = YES;
				"CODE_SIGN_IDENTITY[sdk=iphoneos*]" = "iPhone Developer";
				COPY_PHASE_STRIP = NO;
				ENABLE_STRICT_OBJC_MSGSEND = YES;
				GCC_C_LANGUAGE_STANDARD = gnu99;
				GCC_DYNAMIC_NO_PIC = NO;
				GCC_OPTIMIZATION_LEVEL = 0;
				GCC_PREPROCESSOR_DEFINITIONS = (
					"DEBUG=1",
					"$(inherited)",
				);
				GCC_SYMBOLS_PRIVATE_EXTERN = NO;
				GCC_WARN_64_TO_32_BIT_CONVERSION = YES;
				GCC_WARN_ABOUT_RETURN_TYPE = YES_ERROR;
				GCC_WARN_UNDECLARED_SELECTOR = YES;
				GCC_WARN_UNINITIALIZED_AUTOS = YES_AGGRESSIVE;
				GCC_WARN_UNUSED_FUNCTION = YES;
				GCC_WARN_UNUSED_VARIABLE = YES;
				IPHONEOS_DEPLOYMENT_TARGET = 8.2;
				MTL_ENABLE_DEBUG_INFO = YES;
				ONLY_ACTIVE_ARCH = YES;
				SDKROOT = iphoneos;
			};
			name = Debug;
		};
		18DABF6B1C1B061D0035F883 /* Release */ = {
			isa = XCBuildConfiguration;
			buildSettings = {
				ALWAYS_SEARCH_USER_PATHS = NO;
				CLANG_CXX_LANGUAGE_STANDARD = "gnu++0x";
				CLANG_CXX_LIBRARY = "libc++";
				CLANG_ENABLE_MODULES = YES;
				CLANG_ENABLE_OBJC_ARC = YES;
				CLANG_WARN_BOOL_CONVERSION = YES;
				CLANG_WARN_CONSTANT_CONVERSION = YES;
				CLANG_WARN_DIRECT_OBJC_ISA_USAGE = YES_ERROR;
				CLANG_WARN_EMPTY_BODY = YES;
				CLANG_WARN_ENUM_CONVERSION = YES;
				CLANG_WARN_INT_CONVERSION = YES;
				CLANG_WARN_OBJC_ROOT_CLASS = YES_ERROR;
				CLANG_WARN_UNREACHABLE_CODE = YES;
				CLANG_WARN__DUPLICATE_METHOD_MATCH = YES;
				"CODE_SIGN_IDENTITY[sdk=iphoneos*]" = "iPhone Developer";
				COPY_PHASE_STRIP = NO;
				ENABLE_NS_ASSERTIONS = NO;
				ENABLE_STRICT_OBJC_MSGSEND = YES;
				GCC_C_LANGUAGE_STANDARD = gnu99;
				GCC_WARN_64_TO_32_BIT_CONVERSION = YES;
				GCC_WARN_ABOUT_RETURN_TYPE = YES_ERROR;
				GCC_WARN_UNDECLARED_SELECTOR = YES;
				GCC_WARN_UNINITIALIZED_AUTOS = YES_AGGRESSIVE;
				GCC_WARN_UNUSED_FUNCTION = YES;
				GCC_WARN_UNUSED_VARIABLE = YES;
				IPHONEOS_DEPLOYMENT_TARGET = 8.2;
				MTL_ENABLE_DEBUG_INFO = NO;
				SDKROOT = iphoneos;
				VALIDATE_PRODUCT = YES;
			};
			name = Release;
		};
		18DABF6D1C1B061D0035F883 /* Debug */ = {
			isa = XCBuildConfiguration;
			buildSettings = {
				ASSETCATALOG_COMPILER_APPICON_NAME = AppIcon;
				INFOPLIST_FILE = Assignment_customtableview/Info.plist;
				LD_RUNPATH_SEARCH_PATHS = "$(inherited) @executable_path/Frameworks";
				PRODUCT_NAME = "$(TARGET_NAME)";
			};
			name = Debug;
		};
		18DABF6E1C1B061D0035F883 /* Release */ = {
			isa = XCBuildConfiguration;
			buildSettings = {
				ASSETCATALOG_COMPILER_APPICON_NAME = AppIcon;
				INFOPLIST_FILE = Assignment_customtableview/Info.plist;
				LD_RUNPATH_SEARCH_PATHS = "$(inherited) @executable_path/Frameworks";
				PRODUCT_NAME = "$(TARGET_NAME)";
			};
			name = Release;
		};
		18DABF701C1B061D0035F883 /* Debug */ = {
			isa = XCBuildConfiguration;
			buildSettings = {
				BUNDLE_LOADER = "$(TEST_HOST)";
				FRAMEWORK_SEARCH_PATHS = (
					"$(SDKROOT)/Developer/Library/Frameworks",
					"$(inherited)",
				);
				GCC_PREPROCESSOR_DEFINITIONS = (
					"DEBUG=1",
					"$(inherited)",
				);
				INFOPLIST_FILE = Assignment_customtableviewTests/Info.plist;
				LD_RUNPATH_SEARCH_PATHS = "$(inherited) @executable_path/Frameworks @loader_path/Frameworks";
				PRODUCT_NAME = "$(TARGET_NAME)";
				TEST_HOST = "$(BUILT_PRODUCTS_DIR)/Assignment_customtableview.app/Assignment_customtableview";
			};
			name = Debug;
		};
		18DABF711C1B061D0035F883 /* Release */ = {
			isa = XCBuildConfiguration;
			buildSettings = {
				BUNDLE_LOADER = "$(TEST_HOST)";
				FRAMEWORK_SEARCH_PATHS = (
					"$(SDKROOT)/Developer/Library/Frameworks",
					"$(inherited)",
				);
				INFOPLIST_FILE = Assignment_customtableviewTests/Info.plist;
				LD_RUNPATH_SEARCH_PATHS = "$(inherited) @executable_path/Frameworks @loader_path/Frameworks";
				PRODUCT_NAME = "$(TARGET_NAME)";
				TEST_HOST = "$(BUILT_PRODUCTS_DIR)/Assignment_customtableview.app/Assignment_customtableview";
			};
			name = Release;
		};
/* End XCBuildConfiguration section */

/* Begin XCConfigurationList section */
		18DABF441C1B061D0035F883 /* Build configuration list for PBXProject "Assignment_customtableview" */ = {
			isa = XCConfigurationList;
			buildConfigurations = (
				18DABF6A1C1B061D0035F883 /* Debug */,
				18DABF6B1C1B061D0035F883 /* Release */,
			);
			defaultConfigurationIsVisible = 0;
			defaultConfigurationName = Release;
		};
		18DABF6C1C1B061D0035F883 /* Build configuration list for PBXNativeTarget "Assignment_customtableview" */ = {
			isa = XCConfigurationList;
			buildConfigurations = (
				18DABF6D1C1B061D0035F883 /* Debug */,
				18DABF6E1C1B061D0035F883 /* Release */,
			);
			defaultConfigurationIsVisible = 0;
		};
		18DABF6F1C1B061D0035F883 /* Build configuration list for PBXNativeTarget "Assignment_customtableviewTests" */ = {
			isa = XCConfigurationList;
			buildConfigurations = (
				18DABF701C1B061D0035F883 /* Debug */,
				18DABF711C1B061D0035F883 /* Release */,
			);
			defaultConfigurationIsVisible = 0;
		};
/* End XCConfigurationList section */
	};
	rootObject = 18DABF411C1B061D0035F883 /* Project object */;
}
